github.com/fobus1289/jwt_auth v0.0.0-20210506074428-ce38ef696f6b h1:zZtEQjTEcvQ2es7dh3m8tuiBujppkGNglL5ODvI36jI=
github.com/fobus1289/jwt_auth v0.0.0-20210506074428-ce38ef696f6b/go.mod h1:6JJUvm6CXnEROLqKI7prcIF6JF4GhM1nvsX92b738/8=
github.com/fobus1289/jwt_auth v0.0.0-20210506075001-5de4362a2995 h1:l9cLjFUum0paIBlS8r2XAx+JYv0uXy+UwBY3VuPIo4g=
github.com/fobus1289/jwt_auth v0.0.0-20210506075001-5de4362a2995/go.mod h1:6JJUvm6CXnEROLqKI7prcIF6JF4GhM1nvsX92b738/8=
